<?xml version="1.0" encoding="utf-8"?>
<Project ToolsVersion="4.0" xmlns="http://schemas.microsoft.com/developer/msbuild/2003">
  <ItemGroup>
    <Filter Include="Resource Files">
      <UniqueIdentifier>{67DA6AB6-F800-4c08-8B7A-83BB121AAD01}</UniqueIdentifier>
      <Extensions>rc;ico;cur;bmp;dlg;rc2;rct;bin;rgs;gif;jpg;jpeg;jpe;resx;tiff;tif;png;wav;mfcribbon-ms</Extensions>
    </Filter>
    <Filter Include="Source">
      <UniqueIdentifier>{835310c8-359a-4f6f-93a8-d61535ba3184}</UniqueIdentifier>
    </Filter>
    <Filter Include="Source\Game">
      <UniqueIdentifier>{b537830c-c4f2-4027-924f-c8d5e0e774ae}</UniqueIdentifier>
    </Filter>
    <Filter Include="Source\World">
      <UniqueIdentifier>{5b907cfa-c0c9-433e-8183-5f089068ab7a}</UniqueIdentifier>
    </Filter>
    <Filter Include="Source\Player">
      <UniqueIdentifier>{e73de77c-cb08-4cb4-84d5-91c077cdb9e2}</UniqueIdentifier>
    </Filter>
    <Filter Include="Source\Util">
      <UniqueIdentifier>{32f51413-9035-46b4-b151-3093f004e146}</UniqueIdentifier>
    </Filter>
    <Filter Include="Source\Util\Json">
      <UniqueIdentifier>{a1620bbb-5d3b-4a67-9979-fb1426ca56bd}</UniqueIdentifier>
    </Filter>
  </ItemGroup>
  <ItemGroup>
    <ClInclude Include="Source\Game\Game.h">
      <Filter>Source\Game</Filter>
    </ClInclude>
    <ClInclude Include="Source\Player\Player.h">
      <Filter>Source\Player</Filter>
    </ClInclude>
    <ClInclude Include="Source\World\World.h">
      <Filter>Source\World</Filter>
    </ClInclude>
    <ClInclude Include="Source\Util\TimePoint.h">
      <Filter>Source\Util</Filter>
    </ClInclude>
    <ClInclude Include="Source\Util\TimeInterval.h">
      <Filter>Source\Util</Filter>
    </ClInclude>
    <ClInclude Include="Source\Util\Json\Value.h">
      <Filter>Source\Util\Json</Filter>
    </ClInclude>
    <ClInclude Include="Source\Util\Json\Array.h">
      <Filter>Source\Util\Json</Filter>
    </ClInclude>
    <ClInclude Include="Source\Util\Json\Element.h">
      <Filter>Source\Util\Json</Filter>
    </ClInclude>
    <ClInclude Include="Source\Util\Json\JsonObject.h">
      <Filter>Source\Util\Json</Filter>
    </ClInclude>
  </ItemGroup>
  <ItemGroup>
    <ClCompile Include="Source\Game\Game.cpp">
      <Filter>Source\Game</Filter>
    </ClCompile>
    <ClCompile Include="Source\Player\Player.cpp">
      <Filter>Source\Player</Filter>
    </ClCompile>
    <ClCompile Include="Source\World\World.cpp">
      <Filter>Source\World</Filter>
    </ClCompile>
    <ClCompile Include="Source\Util\TimeInterval.cpp">
      <Filter>Source\Util</Filter>
    </ClCompile>
    <ClCompile Include="Source\Util\TimePoint.cpp">
      <Filter>Source\Util</Filter>
    </ClCompile>
    <ClCompile Include="Source\Util\Json\Array.cpp">
      <Filter>Source\Util\Json</Filter>
    </ClCompile>
    <ClCompile Include="Source\Util\Json\Element.cpp">
      <Filter>Source\Util\Json</Filter>
    </ClCompile>
    <ClCompile Include="Source\Util\Json\JsonObject.cpp">
      <Filter>Source\Util\Json</Filter>
    </ClCompile>
    <ClCompile Include="Source\Util\Json\Value.cpp">
      <Filter>Source\Util\Json</Filter>
    </ClCompile>
  </ItemGroup>
</Project>